
Microsoft Visual Studio Solution File, Format Version 12.00
# Visual Studio 15
VisualStudioVersion = 15.0.28307.1062
MinimumVisualStudioVersion = 10.0.40219.1
Project("{888888A0-9F3D-457C-B088-3A5042F75D52}") = "PythonApplication1", "PythonApplication1\PythonApplication1.pyproj", "{EA7619DF-62FA-42B2-B971-AD74C7179BEE}"
EndProject
Project("{888888A0-9F3D-457C-B088-3A5042F75D52}") = "PythonCourse", "PythonCourse\PythonCourse.pyproj", "{C5CD68C2-A89B-45EC-867F-0ED5C5018308}"
EndProject
Global
	GlobalSection(SolutionConfigurationPlatforms) = preSolution
		Debug|Any CPU = Debug|Any CPU
		Release|Any CPU = Release|Any CPU
	EndGlobalSection
	GlobalSection(ProjectConfigurationPlatforms) = postSolution
		{EA7619DF-62FA-42B2-B971-AD74C7179BEE}.Debug|Any CPU.ActiveCfg = Debug|Any CPU
		{EA7619DF-62FA-42B2-B971-AD74C7179BEE}.Release|Any CPU.ActiveCfg = Release|Any CPU
		{C5CD68C2-A89B-45EC-867F-0ED5C5018308}.Debug|Any CPU.ActiveCfg = Debug|Any CPU
		{C5CD68C2-A89B-45EC-867F-0ED5C5018308}.Release|Any CPU.ActiveCfg = Release|Any CPU
	EndGlobalSection
	GlobalSection(SolutionProperties) = preSolution
		HideSolutionNode = FALSE
	EndGlobalSection
	GlobalSection(ExtensibilityGlobals) = postSolution
		SolutionGuid = {502CD493-9C22-4EA8-9241-1F08D7B8785D}
	EndGlobalSection
EndGlobal
